{
    "_meta": {
        "hash": {
            "sha256": "0a4f2ef399e61ef8d9c83ad464cb413035aae4a9fe4e591a1d2d61baa752bc5e"
        },
        "pipfile-spec": 6,
        "requires": {
            "python_version": "3.7"
        },
        "sources": [
            {
                "name": "pypi",
                "url": "https://pypi.python.org/simple",
                "verify_ssl": true
            }
        ]
    },
    "default": {
        "youtubechanneltoplaylist": {
            "git": "https://github.com/RobbieClarken/youtube-channel-to-playlist",
            "ref": "c7f7c3724b7ef11b86056f80640cc09ce14b7086"
        }
    },
    "develop": {
        "appdirs": {
            "hashes": [
                "sha256:9e5896d1372858f8dd3344faf4e5014d21849c756c8d5701f78f8a103b372d92",
                "sha256:d8b24664561d0d34ddfaec54636d502d7cea6e29c3eaf68f3df6180863e2166e"
            ],
            "version": "==1.4.3"
        },
        "attrs": {
            "hashes": [
                "sha256:4b90b09eeeb9b88c35bc642cbac057e45a5fd85367b985bd2809c62b7b939265",
                "sha256:e0d0eb91441a3b53dab4d9b743eafc1ac44476296a2053b6ca3af0b139faf87b"
            ],
            "version": "==18.1.0"
        },
        "black": {
            "hashes": [
                "sha256:22158b89c1a6b4eb333a1e65e791a3f8b998cf3b11ae094adb2570f31f769a44",
                "sha256:4b475bbd528acce094c503a3d2dbc2d05a4075f6d0ef7d9e7514518e14cc5191"
            ],
            "index": "pypi",
            "version": "==18.6b4"
        },
        "cachetools": {
            "hashes": [
                "sha256:90f1d559512fc073483fe573ef5ceb39bf6ad3d39edc98dc55178a2b2b176fa3",
                "sha256:d1c398969c478d336f767ba02040fa22617333293fb0b8968e79b16028dfee35"
            ],
            "version": "==2.1.0"
        },
        "click": {
            "hashes": [
                "sha256:29f99fc6125fbc931b758dc053b3114e55c77a6e4c6c3a2674a2dc986016381d",
                "sha256:f15516df478d5a56180fbf80e68f206010e6d160fc39fa508b65e035fd75130b"
            ],
            "version": "==6.7"
        },
        "e1839a8": {
            "editable": true,
            "path": "."
        },
        "google-api-python-client": {
            "hashes": [
                "sha256:876b974612c6d9b5de348079b706500bd170e7fdab30b9a4b72758d129cd64dc",
                "sha256:e32d30563b90c4f88ff042d4d891b5e8ed1f6cdca0adab95e9c2ce2603087436"
            ],
            "version": "==1.7.3"
        },
        "google-auth": {
            "hashes": [
                "sha256:1745c9066f698eac3da99cef082914495fb71bc09597ba7626efbbb64c4acc57",
                "sha256:82a34e1a59ad35f01484d283d2a36b7a24c8c404a03a71b3afddd0a4d31e169f"
            ],
            "version": "==1.5.0"
        },
        "google-auth-httplib2": {
            "hashes": [
                "sha256:098fade613c25b4527b2c08fa42d11f3c2037dda8995d86de0745228e965d445",
                "sha256:f1c437842155680cf9918df9bc51c1182fda41feef88c34004bd1978c8157e08"
            ],
            "version": "==0.0.3"
        },
        "httplib2": {
            "hashes": [
                "sha256:e71daed9a0e6373642db61166fa70beecc9bf04383477f84671348c02a04cbdf"
            ],
            "version": "==0.11.3"
        },
        "pyasn1": {
            "hashes": [
                "sha256:a66dcda18dbf6e4663bde70eb30af3fc4fe1acb2d14c4867a861681887a5f9a2",
                "sha256:fb81622d8f3509f0026b0683fe90fea27be7284d3826a5f2edf97f69151ab0fc"
            ],
            "version": "==0.4.3"
        },
        "pyasn1-modules": {
            "hashes": [
                "sha256:a0cf3e1842e7c60fde97cb22d275eb6f9524f5c5250489e292529de841417547",
                "sha256:a38a8811ea784c0136abfdba73963876328f66172db21a05a82f9515909bfb4e"
            ],
            "version": "==0.2.2"
        },
        "rsa": {
            "hashes": [
                "sha256:25df4e10c263fb88b5ace923dd84bf9aa7f5019687b5e55382ffcdb8bede9db5",
                "sha256:43f682fea81c452c98d09fc316aae12de6d30c4b5c84226642cf8f8fd1c93abd"
            ],
            "version": "==3.4.2"
        },
        "six": {
            "hashes": [
                "sha256:70e8a77beed4562e7f14fe23a786b54f6296e34344c23bc42f07b15018ff98e9",
                "sha256:832dc0e10feb1aa2c68dcc57dbb658f1c7e65b9b61af69048abc87a2db00a0eb"
            ],
            "version": "==1.11.0"
        },
        "toml": {
            "hashes": [
                "sha256:8e86bd6ce8cc11b9620cb637466453d94f5d57ad86f17e98a98d1f73e3baab2d"
            ],
            "version": "==0.9.4"
        },
        "uritemplate": {
            "hashes": [
                "sha256:01c69f4fe8ed503b2951bef85d996a9d22434d2431584b5b107b2981ff416fbd",
                "sha256:1b9c467a940ce9fb9f50df819e8ddd14696f89b9a8cc87ac77952ba416e0a8fd",
                "sha256:c02643cebe23fc8adb5e6becffe201185bf06c40bda5c0b4028a93f1527d011d"
            ],
            "version": "==3.0.0"
        }
    }
}
